
Microsoft Visual Studio Solution File, Format Version 11.00
# Visual Studio 2010
Project("{FAE04EC0-301F-11D3-BF4B-00C04F79EFBC}") = "TD.Main", "TD.Main\TD.Main.csproj", "{58C12B8B-8C58-4DF6-859E-A6C05DA05168}"
	ProjectSection(ProjectDependencies) = postProject
		{EAC20A0E-36DA-4D29-A4CC-E6440E283F8D} = {EAC20A0E-36DA-4D29-A4CC-E6440E283F8D}
		{02853F23-834D-429E-A172-9EFACD3CD7CA} = {02853F23-834D-429E-A172-9EFACD3CD7CA}
		{FD85AB6E-D0F9-44BE-97C2-5F84FBD5E3C2} = {FD85AB6E-D0F9-44BE-97C2-5F84FBD5E3C2}
		{C77DEE6F-58B6-4148-9DB2-CC19A64AE563} = {C77DEE6F-58B6-4148-9DB2-CC19A64AE563}
		{38EE7892-2270-48DD-8560-DED35B0DAEA4} = {38EE7892-2270-48DD-8560-DED35B0DAEA4}
	EndProjectSection
EndProject
Project("{FAE04EC0-301F-11D3-BF4B-00C04F79EFBC}") = "TD.Runtime", "TD.Runtime\TD.Runtime.csproj", "{38EE7892-2270-48DD-8560-DED35B0DAEA4}"
EndProject
Project("{FAE04EC0-301F-11D3-BF4B-00C04F79EFBC}") = "TD.Gui", "TD.Gui\TD.Gui.csproj", "{FD85AB6E-D0F9-44BE-97C2-5F84FBD5E3C2}"
EndProject
Project("{FAE04EC0-301F-11D3-BF4B-00C04F79EFBC}") = "TD.GameLogic", "TD.GameLogic\TD.GameLogic.csproj", "{EAC20A0E-36DA-4D29-A4CC-E6440E283F8D}"
EndProject
Project("{FAE04EC0-301F-11D3-BF4B-00C04F79EFBC}") = "TD.Graphics", "TD.Graphics\TD.Graphics.csproj", "{02853F23-834D-429E-A172-9EFACD3CD7CA}"
	ProjectSection(ProjectDependencies) = postProject
		{EAC20A0E-36DA-4D29-A4CC-E6440E283F8D} = {EAC20A0E-36DA-4D29-A4CC-E6440E283F8D}
		{FD85AB6E-D0F9-44BE-97C2-5F84FBD5E3C2} = {FD85AB6E-D0F9-44BE-97C2-5F84FBD5E3C2}
	EndProjectSection
EndProject
Project("{FAE04EC0-301F-11D3-BF4B-00C04F79EFBC}") = "TD.Audio", "TD.Audio\TD.Audio.csproj", "{C77DEE6F-58B6-4148-9DB2-CC19A64AE563}"
EndProject
Project("{FAE04EC0-301F-11D3-BF4B-00C04F79EFBC}") = "TD.Core", "TD.Core\TD.Core.csproj", "{6B69B0AC-68E2-4840-9497-0401F4C39270}"
	ProjectSection(ProjectDependencies) = postProject
		{EAC20A0E-36DA-4D29-A4CC-E6440E283F8D} = {EAC20A0E-36DA-4D29-A4CC-E6440E283F8D}
		{02853F23-834D-429E-A172-9EFACD3CD7CA} = {02853F23-834D-429E-A172-9EFACD3CD7CA}
		{FD85AB6E-D0F9-44BE-97C2-5F84FBD5E3C2} = {FD85AB6E-D0F9-44BE-97C2-5F84FBD5E3C2}
		{C77DEE6F-58B6-4148-9DB2-CC19A64AE563} = {C77DEE6F-58B6-4148-9DB2-CC19A64AE563}
	EndProjectSection
EndProject
Global
	GlobalSection(SolutionConfigurationPlatforms) = preSolution
		Debug|Any CPU = Debug|Any CPU
		Release|Any CPU = Release|Any CPU
	EndGlobalSection
	GlobalSection(ProjectConfigurationPlatforms) = postSolution
		{58C12B8B-8C58-4DF6-859E-A6C05DA05168}.Debug|Any CPU.ActiveCfg = Debug|Any CPU
		{58C12B8B-8C58-4DF6-859E-A6C05DA05168}.Debug|Any CPU.Build.0 = Debug|Any CPU
		{58C12B8B-8C58-4DF6-859E-A6C05DA05168}.Release|Any CPU.ActiveCfg = Release|Any CPU
		{58C12B8B-8C58-4DF6-859E-A6C05DA05168}.Release|Any CPU.Build.0 = Release|Any CPU
		{38EE7892-2270-48DD-8560-DED35B0DAEA4}.Debug|Any CPU.ActiveCfg = Debug|Any CPU
		{38EE7892-2270-48DD-8560-DED35B0DAEA4}.Debug|Any CPU.Build.0 = Debug|Any CPU
		{38EE7892-2270-48DD-8560-DED35B0DAEA4}.Release|Any CPU.ActiveCfg = Release|Any CPU
		{38EE7892-2270-48DD-8560-DED35B0DAEA4}.Release|Any CPU.Build.0 = Release|Any CPU
		{FD85AB6E-D0F9-44BE-97C2-5F84FBD5E3C2}.Debug|Any CPU.ActiveCfg = Debug|Any CPU
		{FD85AB6E-D0F9-44BE-97C2-5F84FBD5E3C2}.Debug|Any CPU.Build.0 = Debug|Any CPU
		{FD85AB6E-D0F9-44BE-97C2-5F84FBD5E3C2}.Release|Any CPU.ActiveCfg = Release|Any CPU
		{FD85AB6E-D0F9-44BE-97C2-5F84FBD5E3C2}.Release|Any CPU.Build.0 = Release|Any CPU
		{EAC20A0E-36DA-4D29-A4CC-E6440E283F8D}.Debug|Any CPU.ActiveCfg = Debug|Any CPU
		{EAC20A0E-36DA-4D29-A4CC-E6440E283F8D}.Debug|Any CPU.Build.0 = Debug|Any CPU
		{EAC20A0E-36DA-4D29-A4CC-E6440E283F8D}.Release|Any CPU.ActiveCfg = Release|Any CPU
		{EAC20A0E-36DA-4D29-A4CC-E6440E283F8D}.Release|Any CPU.Build.0 = Release|Any CPU
		{02853F23-834D-429E-A172-9EFACD3CD7CA}.Debug|Any CPU.ActiveCfg = Debug|Any CPU
		{02853F23-834D-429E-A172-9EFACD3CD7CA}.Debug|Any CPU.Build.0 = Debug|Any CPU
		{02853F23-834D-429E-A172-9EFACD3CD7CA}.Release|Any CPU.ActiveCfg = Release|Any CPU
		{02853F23-834D-429E-A172-9EFACD3CD7CA}.Release|Any CPU.Build.0 = Release|Any CPU
		{C77DEE6F-58B6-4148-9DB2-CC19A64AE563}.Debug|Any CPU.ActiveCfg = Debug|Any CPU
		{C77DEE6F-58B6-4148-9DB2-CC19A64AE563}.Debug|Any CPU.Build.0 = Debug|Any CPU
		{C77DEE6F-58B6-4148-9DB2-CC19A64AE563}.Release|Any CPU.ActiveCfg = Release|Any CPU
		{C77DEE6F-58B6-4148-9DB2-CC19A64AE563}.Release|Any CPU.Build.0 = Release|Any CPU
		{6B69B0AC-68E2-4840-9497-0401F4C39270}.Debug|Any CPU.ActiveCfg = Debug|Any CPU
		{6B69B0AC-68E2-4840-9497-0401F4C39270}.Debug|Any CPU.Build.0 = Debug|Any CPU
		{6B69B0AC-68E2-4840-9497-0401F4C39270}.Release|Any CPU.ActiveCfg = Release|Any CPU
		{6B69B0AC-68E2-4840-9497-0401F4C39270}.Release|Any CPU.Build.0 = Release|Any CPU
	EndGlobalSection
	GlobalSection(SolutionProperties) = preSolution
		HideSolutionNode = FALSE
	EndGlobalSection
EndGlobal
